// !$*UTF8*$!
{
	archiveVersion = 1;
	classes = {
	};
	objectVersion = 55;
	objects = {

/* Begin PBXBuildFile section */
		6D0BCDAC2741F43500B9EE64 /* MyToggleButton.swift in Sources */ = {isa = PBXBuildFile; fileRef = 6D0BCDAB2741F43500B9EE64 /* MyToggleButton.swift */; };
		6D9CBC4927433D2E005323C1 /* MyData2.swift in Sources */ = {isa = PBXBuildFile; fileRef = 6D9CBC4827433D2E005323C1 /* MyData2.swift */; };
		6D9CBC4B27434D84005323C1 /* Secure.swift in Sources */ = {isa = PBXBuildFile; fileRef = 6D9CBC4A27434D84005323C1 /* Secure.swift */; };
		6D9CBC4D27436169005323C1 /* musicPlay.swift in Sources */ = {isa = PBXBuildFile; fileRef = 6D9CBC4C27436169005323C1 /* musicPlay.swift */; };
		6DE8D660273B74B3003224DE /* StudyForCombineApp.swift in Sources */ = {isa = PBXBuildFile; fileRef = 6DE8D65F273B74B3003224DE /* StudyForCombineApp.swift */; };
		6DE8D662273B74B3003224DE /* ContentView.swift in Sources */ = {isa = PBXBuildFile; fileRef = 6DE8D661273B74B3003224DE /* ContentView.swift */; };
		6DE8D664273B74B4003224DE /* Assets.xcassets in Resources */ = {isa = PBXBuildFile; fileRef = 6DE8D663273B74B4003224DE /* Assets.xcassets */; };
		6DE8D667273B74B4003224DE /* Preview Assets.xcassets in Resources */ = {isa = PBXBuildFile; fileRef = 6DE8D666273B74B4003224DE /* Preview Assets.xcassets */; };
		6DE8D670273B8E7E003224DE /* ThisIsStateView.swift in Sources */ = {isa = PBXBuildFile; fileRef = 6DE8D66F273B8E7E003224DE /* ThisIsStateView.swift */; };
/* End PBXBuildFile section */

/* Begin PBXFileReference section */
		6D0BCDAB2741F43500B9EE64 /* MyToggleButton.swift */ = {isa = PBXFileReference; lastKnownFileType = sourcecode.swift; path = MyToggleButton.swift; sourceTree = "<group>"; };
		6D9CBC4827433D2E005323C1 /* MyData2.swift */ = {isa = PBXFileReference; lastKnownFileType = sourcecode.swift; path = MyData2.swift; sourceTree = "<group>"; };
		6D9CBC4A27434D84005323C1 /* Secure.swift */ = {isa = PBXFileReference; lastKnownFileType = sourcecode.swift; path = Secure.swift; sourceTree = "<group>"; };
		6D9CBC4C27436169005323C1 /* musicPlay.swift */ = {isa = PBXFileReference; lastKnownFileType = sourcecode.swift; path = musicPlay.swift; sourceTree = "<group>"; };
		6DE8D65C273B74B3003224DE /* StudyForCombine.app */ = {isa = PBXFileReference; explicitFileType = wrapper.application; includeInIndex = 0; path = StudyForCombine.app; sourceTree = BUILT_PRODUCTS_DIR; };
		6DE8D65F273B74B3003224DE /* StudyForCombineApp.swift */ = {isa = PBXFileReference; lastKnownFileType = sourcecode.swift; path = StudyForCombineApp.swift; sourceTree = "<group>"; };
		6DE8D661273B74B3003224DE /* ContentView.swift */ = {isa = PBXFileReference; lastKnownFileType = sourcecode.swift; path = ContentView.swift; sourceTree = "<group>"; };
		6DE8D663273B74B4003224DE /* Assets.xcassets */ = {isa = PBXFileReference; lastKnownFileType = folder.assetcatalog; path = Assets.xcassets; sourceTree = "<group>"; };
		6DE8D666273B74B4003224DE /* Preview Assets.xcassets */ = {isa = PBXFileReference; lastKnownFileType = folder.assetcatalog; path = "Preview Assets.xcassets"; sourceTree = "<group>"; };
		6DE8D66F273B8E7E003224DE /* ThisIsStateView.swift */ = {isa = PBXFileReference; lastKnownFileType = sourcecode.swift; path = ThisIsStateView.swift; sourceTree = "<group>"; };
/* End PBXFileReference section */

/* Begin PBXFrameworksBuildPhase section */
		6DE8D659273B74B3003224DE /* Frameworks */ = {
			isa = PBXFrameworksBuildPhase;
			buildActionMask = 2147483647;
			files = (
			);
			runOnlyForDeploymentPostprocessing = 0;
		};
/* End PBXFrameworksBuildPhase section */

/* Begin PBXGroup section */
		6DE8D653273B74B3003224DE = {
			isa = PBXGroup;
			children = (
				6DE8D65E273B74B3003224DE /* StudyForCombine */,
				6DE8D65D273B74B3003224DE /* Products */,
			);
			sourceTree = "<group>";
		};
		6DE8D65D273B74B3003224DE /* Products */ = {
			isa = PBXGroup;
			children = (
				6DE8D65C273B74B3003224DE /* StudyForCombine.app */,
			);
			name = Products;
			sourceTree = "<group>";
		};
		6DE8D65E273B74B3003224DE /* StudyForCombine */ = {
			isa = PBXGroup;
			children = (
				6DE8D65F273B74B3003224DE /* StudyForCombineApp.swift */,
				6DE8D66F273B8E7E003224DE /* ThisIsStateView.swift */,
				6D0BCDAB2741F43500B9EE64 /* MyToggleButton.swift */,
				6D9CBC4C27436169005323C1 /* musicPlay.swift */,
				6D9CBC4827433D2E005323C1 /* MyData2.swift */,
				6D9CBC4A27434D84005323C1 /* Secure.swift */,
				6DE8D661273B74B3003224DE /* ContentView.swift */,
				6DE8D663273B74B4003224DE /* Assets.xcassets */,
				6DE8D665273B74B4003224DE /* Preview Content */,
			);
			path = StudyForCombine;
			sourceTree = "<group>";
		};
		6DE8D665273B74B4003224DE /* Preview Content */ = {
			isa = PBXGroup;
			children = (
				6DE8D666273B74B4003224DE /* Preview Assets.xcassets */,
			);
			path = "Preview Content";
			sourceTree = "<group>";
		};
/* End PBXGroup section */

/* Begin PBXNativeTarget section */
		6DE8D65B273B74B3003224DE /* StudyForCombine */ = {
			isa = PBXNativeTarget;
			buildConfigurationList = 6DE8D66A273B74B4003224DE /* Build configuration list for PBXNativeTarget "StudyForCombine" */;
			buildPhases = (
				6DE8D658273B74B3003224DE /* Sources */,
				6DE8D659273B74B3003224DE /* Frameworks */,
				6DE8D65A273B74B3003224DE /* Resources */,
			);
			buildRules = (
			);
			dependencies = (
			);
			name = StudyForCombine;
			productName = StudyForCombine;
			productReference = 6DE8D65C273B74B3003224DE /* StudyForCombine.app */;
			productType = "com.apple.product-type.application";
		};
/* End PBXNativeTarget section */

/* Begin PBXProject section */
		6DE8D654273B74B3003224DE /* Project object */ = {
			isa = PBXProject;
			attributes = {
				BuildIndependentTargetsInParallel = 1;
				LastSwiftUpdateCheck = 1310;
				LastUpgradeCheck = 1310;
				TargetAttributes = {
					6DE8D65B273B74B3003224DE = {
						CreatedOnToolsVersion = 13.1;
					};
				};
			};
			buildConfigurationList = 6DE8D657273B74B3003224DE /* Build configuration list for PBXProject "StudyForCombine" */;
			compatibilityVersion = "Xcode 13.0";
			developmentRegion = en;
			hasScannedForEncodings = 0;
			knownRegions = (
				en,
				Base,
			);
			mainGroup = 6DE8D653273B74B3003224DE;
			productRefGroup = 6DE8D65D273B74B3003224DE /* Products */;
			projectDirPath = "";
			projectRoot = "";
			targets = (
				6DE8D65B273B74B3003224DE /* StudyForCombine */,
			);
		};
/* End PBXProject section */

/* Begin PBXResourcesBuildPhase section */
		6DE8D65A273B74B3003224DE /* Resources */ = {
			isa = PBXResourcesBuildPhase;
			buildActionMask = 2147483647;
			files = (
				6DE8D667273B74B4003224DE /* Preview Assets.xcassets in Resources */,
				6DE8D664273B74B4003224DE /* Assets.xcassets in Resources */,
			);
			runOnlyForDeploymentPostprocessing = 0;
		};
/* End PBXResourcesBuildPhase section */

/* Begin PBXSourcesBuildPhase section */
		6DE8D658273B74B3003224DE /* Sources */ = {
			isa = PBXSourcesBuildPhase;
			buildActionMask = 2147483647;
			files = (
				6DE8D662273B74B3003224DE /* ContentView.swift in Sources */,
				6D9CBC4D27436169005323C1 /* musicPlay.swift in Sources */,
				6D9CBC4927433D2E005323C1 /* MyData2.swift in Sources */,
				6DE8D660273B74B3003224DE /* StudyForCombineApp.swift in Sources */,
				6DE8D670273B8E7E003224DE /* ThisIsStateView.swift in Sources */,
				6D9CBC4B27434D84005323C1 /* Secure.swift in Sources */,
				6D0BCDAC2741F43500B9EE64 /* MyToggleButton.swift in Sources */,
			);
			runOnlyForDeploymentPostprocessing = 0;
		};
/* End PBXSourcesBuildPhase section */

/* Begin XCBuildConfiguration section */
		6DE8D668273B74B4003224DE /* Debug */ = {
			isa = XCBuildConfiguration;
			buildSettings = {
				ALWAYS_SEARCH_USER_PATHS = NO;
				CLANG_ANALYZER_NONNULL = YES;
				CLANG_ANALYZER_NUMBER_OBJECT_CONVERSION = YES_AGGRESSIVE;
				CLANG_CXX_LANGUAGE_STANDARD = "gnu++17";
				CLANG_CXX_LIBRARY = "libc++";
				CLANG_ENABLE_MODULES = YES;
				CLANG_ENABLE_OBJC_ARC = YES;
				CLANG_ENABLE_OBJC_WEAK = YES;
				CLANG_WARN_BLOCK_CAPTURE_AUTORELEASING = YES;
				CLANG_WARN_BOOL_CONVERSION = YES;
				CLANG_WARN_COMMA = YES;
				CLANG_WARN_CONSTANT_CONVERSION = YES;
				CLANG_WARN_DEPRECATED_OBJC_IMPLEMENTATIONS = YES;
				CLANG_WARN_DIRECT_OBJC_ISA_USAGE = YES_ERROR;
				CLANG_WARN_DOCUMENTATION_COMMENTS = YES;
				CLANG_WARN_EMPTY_BODY = YES;
				CLANG_WARN_ENUM_CONVERSION = YES;
				CLANG_WARN_INFINITE_RECURSION = YES;
				CLANG_WARN_INT_CONVERSION = YES;
				CLANG_WARN_NON_LITERAL_NULL_CONVERSION = YES;
				CLANG_WARN_OBJC_IMPLICIT_RETAIN_SELF = YES;
				CLANG_WARN_OBJC_LITERAL_CONVERSION = YES;
				CLANG_WARN_OBJC_ROOT_CLASS = YES_ERROR;
				CLANG_WARN_QUOTED_INCLUDE_IN_FRAMEWORK_HEADER = YES;
				CLANG_WARN_RANGE_LOOP_ANALYSIS = YES;
				CLANG_WARN_STRICT_PROTOTYPES = YES;
				CLANG_WARN_SUSPICIOUS_MOVE = YES;
				CLANG_WARN_UNGUARDED_AVAILABILITY = YES_AGGRESSIVE;
				CLANG_WARN_UNREACHABLE_CODE = YES;
				CLANG_WARN__DUPLICATE_METHOD_MATCH = YES;
				COPY_PHASE_STRIP = NO;
				DEBUG_INFORMATION_FORMAT = dwarf;
				ENABLE_STRICT_OBJC_MSGSEND = YES;
				ENABLE_TESTABILITY = YES;
				GCC_C_LANGUAGE_STANDARD = gnu11;
				GCC_DYNAMIC_NO_PIC = NO;
				GCC_NO_COMMON_BLOCKS = YES;
				GCC_OPTIMIZATION_LEVEL = 0;
				GCC_PREPROCESSOR_DEFINITIONS = (
					"DEBUG=1",
					"$(inherited)",
				);
				GCC_WARN_64_TO_32_BIT_CONVERSION = YES;
				GCC_WARN_ABOUT_RETURN_TYPE = YES_ERROR;
				GCC_WARN_UNDECLARED_SELECTOR = YES;
				GCC_WARN_UNINITIALIZED_AUTOS = YES_AGGRESSIVE;
				GCC_WARN_UNUSED_FUNCTION = YES;
				GCC_WARN_UNUSED_VARIABLE = YES;
				IPHONEOS_DEPLOYMENT_TARGET = 15.0;
				MTL_ENABLE_DEBUG_INFO = INCLUDE_SOURCE;
				MTL_FAST_MATH = YES;
				ONLY_ACTIVE_ARCH = YES;
				SDKROOT = iphoneos;
				SWIFT_ACTIVE_COMPILATION_CONDITIONS = DEBUG;
				SWIFT_OPTIMIZATION_LEVEL = "-Onone";
			};
			name = Debug;
		};
		6DE8D669273B74B4003224DE /* Release */ = {
			isa = XCBuildConfiguration;
			buildSettings = {
				ALWAYS_SEARCH_USER_PATHS = NO;
				CLANG_ANALYZER_NONNULL = YES;
				CLANG_ANALYZER_NUMBER_OBJECT_CONVERSION = YES_AGGRESSIVE;
				CLANG_CXX_LANGUAGE_STANDARD = "gnu++17";
				CLANG_CXX_LIBRARY = "libc++";
				CLANG_ENABLE_MODULES = YES;
				CLANG_ENABLE_OBJC_ARC = YES;
				CLANG_ENABLE_OBJC_WEAK = YES;
				CLANG_WARN_BLOCK_CAPTURE_AUTORELEASING = YES;
				CLANG_WARN_BOOL_CONVERSION = YES;
				CLANG_WARN_COMMA = YES;
				CLANG_WARN_CONSTANT_CONVERSION = YES;
				CLANG_WARN_DEPRECATED_OBJC_IMPLEMENTATIONS = YES;
				CLANG_WARN_DIRECT_OBJC_ISA_USAGE = YES_ERROR;
				CLANG_WARN_DOCUMENTATION_COMMENTS = YES;
				CLANG_WARN_EMPTY_BODY = YES;
				CLANG_WARN_ENUM_CONVERSION = YES;
				CLANG_WARN_INFINITE_RECURSION = YES;
				CLANG_WARN_INT_CONVERSION = YES;
				CLANG_WARN_NON_LITERAL_NULL_CONVERSION = YES;
				CLANG_WARN_OBJC_IMPLICIT_RETAIN_SELF = YES;
				CLANG_WARN_OBJC_LITERAL_CONVERSION = YES;
				CLANG_WARN_OBJC_ROOT_CLASS = YES_ERROR;
				CLANG_WARN_QUOTED_INCLUDE_IN_FRAMEWORK_HEADER = YES;
				CLANG_WARN_RANGE_LOOP_ANALYSIS = YES;
				CLANG_WARN_STRICT_PROTOTYPES = YES;
				CLANG_WARN_SUSPICIOUS_MOVE = YES;
				CLANG_WARN_UNGUARDED_AVAILABILITY = YES_AGGRESSIVE;
				CLANG_WARN_UNREACHABLE_CODE = YES;
				CLANG_WARN__DUPLICATE_METHOD_MATCH = YES;
				COPY_PHASE_STRIP = NO;
				DEBUG_INFORMATION_FORMAT = "dwarf-with-dsym";
				ENABLE_NS_ASSERTIONS = NO;
				ENABLE_STRICT_OBJC_MSGSEND = YES;
				GCC_C_LANGUAGE_STANDARD = gnu11;
				GCC_NO_COMMON_BLOCKS = YES;
				GCC_WARN_64_TO_32_BIT_CONVERSION = YES;
				GCC_WARN_ABOUT_RETURN_TYPE = YES_ERROR;
				GCC_WARN_UNDECLARED_SELECTOR = YES;
				GCC_WARN_UNINITIALIZED_AUTOS = YES_AGGRESSIVE;
				GCC_WARN_UNUSED_FUNCTION = YES;
				GCC_WARN_UNUSED_VARIABLE = YES;
				IPHONEOS_DEPLOYMENT_TARGET = 15.0;
				MTL_ENABLE_DEBUG_INFO = NO;
				MTL_FAST_MATH = YES;
				SDKROOT = iphoneos;
				SWIFT_COMPILATION_MODE = wholemodule;
				SWIFT_OPTIMIZATION_LEVEL = "-O";
				VALIDATE_PRODUCT = YES;
			};
			name = Release;
		};
		6DE8D66B273B74B4003224DE /* Debug */ = {
			isa = XCBuildConfiguration;
			buildSettings = {
				ASSETCATALOG_COMPILER_APPICON_NAME = AppIcon;
				ASSETCATALOG_COMPILER_GLOBAL_ACCENT_COLOR_NAME = AccentColor;
				CODE_SIGN_STYLE = Automatic;
				CURRENT_PROJECT_VERSION = 1;
				DEVELOPMENT_ASSET_PATHS = "\"StudyForCombine/Preview Content\"";
				DEVELOPMENT_TEAM = S67GD4399F;
				ENABLE_PREVIEWS = YES;
				GENERATE_INFOPLIST_FILE = YES;
				INFOPLIST_KEY_UIApplicationSceneManifest_Generation = YES;
				INFOPLIST_KEY_UIApplicationSupportsIndirectInputEvents = YES;
				INFOPLIST_KEY_UILaunchScreen_Generation = YES;
				INFOPLIST_KEY_UISupportedInterfaceOrientations_iPad = "UIInterfaceOrientationPortrait UIInterfaceOrientationPortraitUpsideDown UIInterfaceOrientationLandscapeLeft UIInterfaceOrientationLandscapeRight";
				INFOPLIST_KEY_UISupportedInterfaceOrientations_iPhone = "UIInterfaceOrientationPortrait UIInterfaceOrientationLandscapeLeft UIInterfaceOrientationLandscapeRight";
				LD_RUNPATH_SEARCH_PATHS = (
					"$(inherited)",
					"@executable_path/Frameworks",
				);
				MARKETING_VERSION = 1.0;
				PRODUCT_BUNDLE_IDENTIFIER = com.StudyForCombine;
				PRODUCT_NAME = "$(TARGET_NAME)";
				SWIFT_EMIT_LOC_STRINGS = YES;
				SWIFT_VERSION = 5.0;
				TARGETED_DEVICE_FAMILY = "1,2";
			};
			name = Debug;
		};
		6DE8D66C273B74B4003224DE /* Release */ = {
			isa = XCBuildConfiguration;
			buildSettings = {
				ASSETCATALOG_COMPILER_APPICON_NAME = AppIcon;
				ASSETCATALOG_COMPILER_GLOBAL_ACCENT_COLOR_NAME = AccentColor;
				CODE_SIGN_STYLE = Automatic;
				CURRENT_PROJECT_VERSION = 1;
				DEVELOPMENT_ASSET_PATHS = "\"StudyForCombine/Preview Content\"";
				DEVELOPMENT_TEAM = S67GD4399F;
				ENABLE_PREVIEWS = YES;
				GENERATE_INFOPLIST_FILE = YES;
				INFOPLIST_KEY_UIApplicationSceneManifest_Generation = YES;
				INFOPLIST_KEY_UIApplicationSupportsIndirectInputEvents = YES;
				INFOPLIST_KEY_UILaunchScreen_Generation = YES;
				INFOPLIST_KEY_UISupportedInterfaceOrientations_iPad = "UIInterfaceOrientationPortrait UIInterfaceOrientationPortraitUpsideDown UIInterfaceOrientationLandscapeLeft UIInterfaceOrientationLandscapeRight";
				INFOPLIST_KEY_UISupportedInterfaceOrientations_iPhone = "UIInterfaceOrientationPortrait UIInterfaceOrientationLandscapeLeft UIInterfaceOrientationLandscapeRight";
				LD_RUNPATH_SEARCH_PATHS = (
					"$(inherited)",
					"@executable_path/Frameworks",
				);
				MARKETING_VERSION = 1.0;
				PRODUCT_BUNDLE_IDENTIFIER = com.StudyForCombine;
				PRODUCT_NAME = "$(TARGET_NAME)";
				SWIFT_EMIT_LOC_STRINGS = YES;
				SWIFT_VERSION = 5.0;
				TARGETED_DEVICE_FAMILY = "1,2";
			};
			name = Release;
		};
/* End XCBuildConfiguration section */

/* Begin XCConfigurationList section */
		6DE8D657273B74B3003224DE /* Build configuration list for PBXProject "StudyForCombine" */ = {
			isa = XCConfigurationList;
			buildConfigurations = (
				6DE8D668273B74B4003224DE /* Debug */,
				6DE8D669273B74B4003224DE /* Release */,
			);
			defaultConfigurationIsVisible = 0;
			defaultConfigurationName = Release;
		};
		6DE8D66A273B74B4003224DE /* Build configuration list for PBXNativeTarget "StudyForCombine" */ = {
			isa = XCConfigurationList;
			buildConfigurations = (
				6DE8D66B273B74B4003224DE /* Debug */,
				6DE8D66C273B74B4003224DE /* Release */,
			);
			defaultConfigurationIsVisible = 0;
			defaultConfigurationName = Release;
		};
/* End XCConfigurationList section */
	};
	rootObject = 6DE8D654273B74B3003224DE /* Project object */;
}
